
Microsoft Visual Studio Solution File, Format Version 12.00
# Visual Studio Version 17
VisualStudioVersion = 17.13.35931.197 d17.13
MinimumVisualStudioVersion = 10.0.40219.1
Project("{FAE04EC0-301F-11D3-BF4B-00C04F79EFBC}") = "GrokCatter", "GrokCatter\GrokCatter.csproj", "{73CAD9B2-F49A-494E-A8C4-BD234CF90DC3}"
EndProject
Global
	GlobalSection(SolutionConfigurationPlatforms) = preSolution
		Debug|Any CPU = Debug|Any CPU
		Release|Any CPU = Release|Any CPU
	EndGlobalSection
	GlobalSection(ProjectConfigurationPlatforms) = postSolution
		{73CAD9B2-F49A-494E-A8C4-BD234CF90DC3}.Debug|Any CPU.ActiveCfg = Debug|Any CPU
		{73CAD9B2-F49A-494E-A8C4-BD234CF90DC3}.Debug|Any CPU.Build.0 = Debug|Any CPU
		{73CAD9B2-F49A-494E-A8C4-BD234CF90DC3}.Release|Any CPU.ActiveCfg = Release|Any CPU
		{73CAD9B2-F49A-494E-A8C4-BD234CF90DC3}.Release|Any CPU.Build.0 = Release|Any CPU
	EndGlobalSection
	GlobalSection(SolutionProperties) = preSolution
		HideSolutionNode = FALSE
	EndGlobalSection
	GlobalSection(ExtensibilityGlobals) = postSolution
		SolutionGuid = {091616C9-03DA-422D-AB24-1CDCF9CB5A08}
	EndGlobalSection
EndGlobal
